
Microsoft Visual Studio Solution File, Format Version 12.00
# Visual Studio Version 17
VisualStudioVersion = 17.4.33110.190
MinimumVisualStudioVersion = 10.0.40219.1
Project("{FAE04EC0-301F-11D3-BF4B-00C04F79EFBC}") = "ApplicationSignUp", "ApplicationSignUp.csproj", "{48723436-D0ED-403F-8CA0-B36E1E19C504}"
EndProject
Global
	GlobalSection(SolutionConfigurationPlatforms) = preSolution
		Debug|Any CPU = Debug|Any CPU
		Release|Any CPU = Release|Any CPU
	EndGlobalSection
	GlobalSection(ProjectConfigurationPlatforms) = postSolution
		{48723436-D0ED-403F-8CA0-B36E1E19C504}.Debug|Any CPU.ActiveCfg = Debug|Any CPU
		{48723436-D0ED-403F-8CA0-B36E1E19C504}.Debug|Any CPU.Build.0 = Debug|Any CPU
		{48723436-D0ED-403F-8CA0-B36E1E19C504}.Release|Any CPU.ActiveCfg = Release|Any CPU
		{48723436-D0ED-403F-8CA0-B36E1E19C504}.Release|Any CPU.Build.0 = Release|Any CPU
	EndGlobalSection
	GlobalSection(SolutionProperties) = preSolution
		HideSolutionNode = FALSE
	EndGlobalSection
	GlobalSection(ExtensibilityGlobals) = postSolution
		SolutionGuid = {153BD1C9-D69E-42B6-9D77-39D65D8F4201}
	EndGlobalSection
EndGlobal
